<Solution>
  <Folder Name="/Core/">
    <Project Path="Core/DriverHub.Application/DriverHub.Application.csproj" Id="7d424cd3-7754-4316-85ba-3c6b7568d03b" />
    <Project Path="Core/DriverHub.Domain/DriverHub.Domain.csproj" />
  </Folder>
  <Folder Name="/Infrastructure/">
    <Project Path="Infrastructure/DriverHub.Infrastructure/DriverHub.Infrastructure.csproj" Id="a7172658-6654-4c2a-bd50-8554b47fb187" />
    <Project Path="Infrastructure/DriverHub.Persistence/DriverHub.Persistence.csproj" />
  </Folder>
  <Folder Name="/Presentation/">
    <Project Path="Presentation/DriverHub.WebApi/DriverHub.WebApi.csproj" />
  </Folder>
</Solution>
