<Solution>
  <Folder Name="/Core/">
    <Project Path="Core/DriverHub.Domain/DriverHub.Domain.csproj" />
  </Folder>
  <Folder Name="/Infrastructure/">
    <Project Path="Infrastructure/DriverHub.Persistence/DriverHub.Persistence.csproj" />
  </Folder>
  <Folder Name="/Presentation/">
    <Project Path="Presentation/DriverHub.WebApi/DriverHub.WebApi.csproj" />
  </Folder>
</Solution>
